
Microsoft Visual Studio Solution File, Format Version 12.00
# Visual Studio Version 16
VisualStudioVersion = 16.0.28803.202
MinimumVisualStudioVersion = 10.0.40219.1
Project("{FAE04EC0-301F-11D3-BF4B-00C04F79EFBC}") = "NetCoreConsoleAppBase", "NetCoreConsoleAppBase\NetCoreConsoleAppBase.csproj", "{C2D2C700-447F-4B71-B17E-24090A4375E2}"
EndProject
Global
	GlobalSection(SolutionConfigurationPlatforms) = preSolution
		Debug|Any CPU = Debug|Any CPU
		Release|Any CPU = Release|Any CPU
	EndGlobalSection
	GlobalSection(ProjectConfigurationPlatforms) = postSolution
		{C2D2C700-447F-4B71-B17E-24090A4375E2}.Debug|Any CPU.ActiveCfg = Debug|Any CPU
		{C2D2C700-447F-4B71-B17E-24090A4375E2}.Debug|Any CPU.Build.0 = Debug|Any CPU
		{C2D2C700-447F-4B71-B17E-24090A4375E2}.Release|Any CPU.ActiveCfg = Release|Any CPU
		{C2D2C700-447F-4B71-B17E-24090A4375E2}.Release|Any CPU.Build.0 = Release|Any CPU
	EndGlobalSection
	GlobalSection(SolutionProperties) = preSolution
		HideSolutionNode = FALSE
	EndGlobalSection
	GlobalSection(ExtensibilityGlobals) = postSolution
		SolutionGuid = {8DF376F4-B145-45FB-9912-06380DB7A91E}
	EndGlobalSection
EndGlobal
